PODS:
  - IQKeyboardManagerSwift (5.0.0)

DEPENDENCIES:
  - IQKeyboardManagerSwift (= 5.0.0)

SPEC REPOS:
  https://github.com/cocoapods/specs.git:
    - IQKeyboardManagerSwift

SPEC CHECKSUMS:
  IQKeyboardManagerSwift: 3f340202ebe1a7076279b9b9b3c817243ddb3aab

PODFILE CHECKSUM: ab8b40dfda71c9950dd00ccd10e96929e3fdaa92

COCOAPODS: 1.5.3
