// !$*UTF8*$!
{
	archiveVersion = 1;
	classes = {
	};
	objectVersion = 50;
	objects = {

/* Begin PBXBuildFile section */
		2AD923B320D936E200463786 /* DAO.swift in Sources */ = {isa = PBXBuildFile; fileRef = 2AD923B220D936E200463786 /* DAO.swift */; };
		2AD923B520D9372300463786 /* Denuncia.swift in Sources */ = {isa = PBXBuildFile; fileRef = 2AD923B420D9372300463786 /* Denuncia.swift */; };
		2AD923B720D9374C00463786 /* DescViewController.swift in Sources */ = {isa = PBXBuildFile; fileRef = 2AD923B620D9374C00463786 /* DescViewController.swift */; };
		2AD923B920D937B800463786 /* DenunciaCollectionViewCell.swift in Sources */ = {isa = PBXBuildFile; fileRef = 2AD923B820D937B800463786 /* DenunciaCollectionViewCell.swift */; };
		2AD923BB20D937FC00463786 /* DenunciaOptionsViewController.swift in Sources */ = {isa = PBXBuildFile; fileRef = 2AD923BA20D937FB00463786 /* DenunciaOptionsViewController.swift */; };
		2AD923BD20D9383800463786 /* MapViewController.swift in Sources */ = {isa = PBXBuildFile; fileRef = 2AD923BC20D9383800463786 /* MapViewController.swift */; };
		6E39A641211A82E700DBBFFC /* FirstNavController.swift in Sources */ = {isa = PBXBuildFile; fileRef = 6E39A640211A82E700DBBFFC /* FirstNavController.swift */; };
		6E39A643211AA5C800DBBFFC /* KeyboardLayoutConstraint.swift in Sources */ = {isa = PBXBuildFile; fileRef = 6E39A642211AA5C800DBBFFC /* KeyboardLayoutConstraint.swift */; };
		80DA7100F19EF2C3C4F9E61B /* Pods_Foundation1Tests.framework in Frameworks */ = {isa = PBXBuildFile; fileRef = FEE36951194D4118E23A7C0B /* Pods_Foundation1Tests.framework */; };
		89D8C801211A48F4006A19C8 /* LocationSearchTable.swift in Sources */ = {isa = PBXBuildFile; fileRef = 89D8C800211A48F4006A19C8 /* LocationSearchTable.swift */; };
		89D8C803211B7C3E006A19C8 /* ViewMapController.swift in Sources */ = {isa = PBXBuildFile; fileRef = 89D8C802211B7C3E006A19C8 /* ViewMapController.swift */; };
		89D8C805211B83BA006A19C8 /* LocationCell.swift in Sources */ = {isa = PBXBuildFile; fileRef = 89D8C804211B83BA006A19C8 /* LocationCell.swift */; };
		AA1D654D20D91D1B0046884A /* DenunciaOverViewVC.swift in Sources */ = {isa = PBXBuildFile; fileRef = AA1D654C20D91D1B0046884A /* DenunciaOverViewVC.swift */; };
		AA1E9B0C20D7D28B003DCF6C /* DenunciaCreatedTableViewCell.swift in Sources */ = {isa = PBXBuildFile; fileRef = AA1E9B0B20D7D28B003DCF6C /* DenunciaCreatedTableViewCell.swift */; };
		AA1E9B0E20D7D36B003DCF6C /* DenunciasMainViewController.swift in Sources */ = {isa = PBXBuildFile; fileRef = AA1E9B0D20D7D36B003DCF6C /* DenunciasMainViewController.swift */; };
		AAA8E8B720D0144A00007D0E /* LocationManager.swift in Sources */ = {isa = PBXBuildFile; fileRef = AAA8E8B620D0144A00007D0E /* LocationManager.swift */; };
		AAA8E8B920D141E600007D0E /* Round Button.swift in Sources */ = {isa = PBXBuildFile; fileRef = AAA8E8B820D141E500007D0E /* Round Button.swift */; };
		AAA8E8BD20D2BA4E00007D0E /* PesquisarViewController.swift in Sources */ = {isa = PBXBuildFile; fileRef = AAA8E8BC20D2BA4E00007D0E /* PesquisarViewController.swift */; };
		AAD2A89920D2C26000AA9B96 /* ImagePickerCollectionViewCell.swift in Sources */ = {isa = PBXBuildFile; fileRef = AAD2A89820D2C26000AA9B96 /* ImagePickerCollectionViewCell.swift */; };
		AADDD19D20A472DF00108EFA /* AppDelegate.swift in Sources */ = {isa = PBXBuildFile; fileRef = AADDD19C20A472DF00108EFA /* AppDelegate.swift */; };
		AADDD1A220A472DF00108EFA /* Main.storyboard in Resources */ = {isa = PBXBuildFile; fileRef = AADDD1A020A472DF00108EFA /* Main.storyboard */; };
		AADDD1A420A472E100108EFA /* Assets.xcassets in Resources */ = {isa = PBXBuildFile; fileRef = AADDD1A320A472E100108EFA /* Assets.xcassets */; };
		AADDD1A720A472E100108EFA /* LaunchScreen.storyboard in Resources */ = {isa = PBXBuildFile; fileRef = AADDD1A520A472E100108EFA /* LaunchScreen.storyboard */; };
		AADDD1B220A472E100108EFA /* Foundation1Tests.swift in Sources */ = {isa = PBXBuildFile; fileRef = AADDD1B120A472E100108EFA /* Foundation1Tests.swift */; };
		AADDD1BD20A472E100108EFA /* Foundation1UITests.swift in Sources */ = {isa = PBXBuildFile; fileRef = AADDD1BC20A472E100108EFA /* Foundation1UITests.swift */; };
		CB0D4ABEB724F036E7FD1904 /* Pods_Foundation1UITests.framework in Frameworks */ = {isa = PBXBuildFile; fileRef = 829D5723C1C41568E5CBE198 /* Pods_Foundation1UITests.framework */; };
		CF8532CD2118E6B7008CDAF4 /* ResumoViewController.swift in Sources */ = {isa = PBXBuildFile; fileRef = CF8532CC2118E6B7008CDAF4 /* ResumoViewController.swift */; };
		F7274FDDC64F5AD0EB711989 /* Pods_Foundation1.framework in Frameworks */ = {isa = PBXBuildFile; fileRef = BE11FFD7A01951E62FE290E6 /* Pods_Foundation1.framework */; };
/* End PBXBuildFile section */

/* Begin PBXContainerItemProxy section */
		AADDD1AE20A472E100108EFA /* PBXContainerItemProxy */ = {
			isa = PBXContainerItemProxy;
			containerPortal = AADDD19120A472DF00108EFA /* Project object */;
			proxyType = 1;
			remoteGlobalIDString = AADDD19820A472DF00108EFA;
			remoteInfo = Foundation1;
		};
		AADDD1B920A472E100108EFA /* PBXContainerItemProxy */ = {
			isa = PBXContainerItemProxy;
			containerPortal = AADDD19120A472DF00108EFA /* Project object */;
			proxyType = 1;
			remoteGlobalIDString = AADDD19820A472DF00108EFA;
			remoteInfo = Foundation1;
		};
/* End PBXContainerItemProxy section */

/* Begin PBXFileReference section */
		2AD923B220D936E200463786 /* DAO.swift */ = {isa = PBXFileReference; lastKnownFileType = sourcecode.swift; path = DAO.swift; sourceTree = "<group>"; };
		2AD923B420D9372300463786 /* Denuncia.swift */ = {isa = PBXFileReference; lastKnownFileType = sourcecode.swift; path = Denuncia.swift; sourceTree = "<group>"; };
		2AD923B620D9374C00463786 /* DescViewController.swift */ = {isa = PBXFileReference; lastKnownFileType = sourcecode.swift; path = DescViewController.swift; sourceTree = "<group>"; };
		2AD923B820D937B800463786 /* DenunciaCollectionViewCell.swift */ = {isa = PBXFileReference; lastKnownFileType = sourcecode.swift; path = DenunciaCollectionViewCell.swift; sourceTree = "<group>"; };
		2AD923BA20D937FB00463786 /* DenunciaOptionsViewController.swift */ = {isa = PBXFileReference; lastKnownFileType = sourcecode.swift; path = DenunciaOptionsViewController.swift; sourceTree = "<group>"; };
		2AD923BC20D9383800463786 /* MapViewController.swift */ = {isa = PBXFileReference; lastKnownFileType = sourcecode.swift; path = MapViewController.swift; sourceTree = "<group>"; };
		4C08BF8E2123CF1207C409A1 /* Pods-Foundation1.debug.xcconfig */ = {isa = PBXFileReference; includeInIndex = 1; lastKnownFileType = text.xcconfig; name = "Pods-Foundation1.debug.xcconfig"; path = "Pods/Target Support Files/Pods-Foundation1/Pods-Foundation1.debug.xcconfig"; sourceTree = "<group>"; };
		6E39A640211A82E700DBBFFC /* FirstNavController.swift */ = {isa = PBXFileReference; lastKnownFileType = sourcecode.swift; path = FirstNavController.swift; sourceTree = "<group>"; };
		6E39A642211AA5C800DBBFFC /* KeyboardLayoutConstraint.swift */ = {isa = PBXFileReference; lastKnownFileType = sourcecode.swift; path = KeyboardLayoutConstraint.swift; sourceTree = "<group>"; };
		8156B503A9C5872CB50B8A46 /* Pods-Foundation1Tests.debug.xcconfig */ = {isa = PBXFileReference; includeInIndex = 1; lastKnownFileType = text.xcconfig; name = "Pods-Foundation1Tests.debug.xcconfig"; path = "Pods/Target Support Files/Pods-Foundation1Tests/Pods-Foundation1Tests.debug.xcconfig"; sourceTree = "<group>"; };
		829D5723C1C41568E5CBE198 /* Pods_Foundation1UITests.framework */ = {isa = PBXFileReference; explicitFileType = wrapper.framework; includeInIndex = 0; path = Pods_Foundation1UITests.framework; sourceTree = BUILT_PRODUCTS_DIR; };
		86B2B8AF9A10005A44B99DE3 /* Pods-Foundation1UITests.release.xcconfig */ = {isa = PBXFileReference; includeInIndex = 1; lastKnownFileType = text.xcconfig; name = "Pods-Foundation1UITests.release.xcconfig"; path = "Pods/Target Support Files/Pods-Foundation1UITests/Pods-Foundation1UITests.release.xcconfig"; sourceTree = "<group>"; };
		89D8C800211A48F4006A19C8 /* LocationSearchTable.swift */ = {isa = PBXFileReference; lastKnownFileType = sourcecode.swift; path = LocationSearchTable.swift; sourceTree = "<group>"; };
		89D8C802211B7C3E006A19C8 /* ViewMapController.swift */ = {isa = PBXFileReference; lastKnownFileType = sourcecode.swift; path = ViewMapController.swift; sourceTree = "<group>"; };
		89D8C804211B83BA006A19C8 /* LocationCell.swift */ = {isa = PBXFileReference; lastKnownFileType = sourcecode.swift; path = LocationCell.swift; sourceTree = "<group>"; };
		AA1D654C20D91D1B0046884A /* DenunciaOverViewVC.swift */ = {isa = PBXFileReference; lastKnownFileType = sourcecode.swift; path = DenunciaOverViewVC.swift; sourceTree = "<group>"; };
		AA1E9B0B20D7D28B003DCF6C /* DenunciaCreatedTableViewCell.swift */ = {isa = PBXFileReference; lastKnownFileType = sourcecode.swift; path = DenunciaCreatedTableViewCell.swift; sourceTree = "<group>"; };
		AA1E9B0D20D7D36B003DCF6C /* DenunciasMainViewController.swift */ = {isa = PBXFileReference; lastKnownFileType = sourcecode.swift; path = DenunciasMainViewController.swift; sourceTree = "<group>"; };
		AAA8E8B620D0144A00007D0E /* LocationManager.swift */ = {isa = PBXFileReference; fileEncoding = 4; lastKnownFileType = sourcecode.swift; path = LocationManager.swift; sourceTree = "<group>"; };
		AAA8E8B820D141E500007D0E /* Round Button.swift */ = {isa = PBXFileReference; fileEncoding = 4; lastKnownFileType = sourcecode.swift; path = "Round Button.swift"; sourceTree = "<group>"; };
		AAA8E8BC20D2BA4E00007D0E /* PesquisarViewController.swift */ = {isa = PBXFileReference; lastKnownFileType = sourcecode.swift; path = PesquisarViewController.swift; sourceTree = "<group>"; };
		AAD2A89820D2C26000AA9B96 /* ImagePickerCollectionViewCell.swift */ = {isa = PBXFileReference; lastKnownFileType = sourcecode.swift; path = ImagePickerCollectionViewCell.swift; sourceTree = "<group>"; };
		AADDD19920A472DF00108EFA /* Foundation1.app */ = {isa = PBXFileReference; explicitFileType = wrapper.application; includeInIndex = 0; path = Foundation1.app; sourceTree = BUILT_PRODUCTS_DIR; };
		AADDD19C20A472DF00108EFA /* AppDelegate.swift */ = {isa = PBXFileReference; lastKnownFileType = sourcecode.swift; path = AppDelegate.swift; sourceTree = "<group>"; };
		AADDD1A120A472DF00108EFA /* Base */ = {isa = PBXFileReference; lastKnownFileType = file.storyboard; name = Base; path = Base.lproj/Main.storyboard; sourceTree = "<group>"; };
		AADDD1A320A472E100108EFA /* Assets.xcassets */ = {isa = PBXFileReference; lastKnownFileType = folder.assetcatalog; path = Assets.xcassets; sourceTree = "<group>"; };
		AADDD1A620A472E100108EFA /* Base */ = {isa = PBXFileReference; lastKnownFileType = file.storyboard; name = Base; path = Base.lproj/LaunchScreen.storyboard; sourceTree = "<group>"; };
		AADDD1A820A472E100108EFA /* Info.plist */ = {isa = PBXFileReference; lastKnownFileType = text.plist.xml; path = Info.plist; sourceTree = "<group>"; };
		AADDD1AD20A472E100108EFA /* Foundation1Tests.xctest */ = {isa = PBXFileReference; explicitFileType = wrapper.cfbundle; includeInIndex = 0; path = Foundation1Tests.xctest; sourceTree = BUILT_PRODUCTS_DIR; };
		AADDD1B120A472E100108EFA /* Foundation1Tests.swift */ = {isa = PBXFileReference; lastKnownFileType = sourcecode.swift; path = Foundation1Tests.swift; sourceTree = "<group>"; };
		AADDD1B320A472E100108EFA /* Info.plist */ = {isa = PBXFileReference; lastKnownFileType = text.plist.xml; path = Info.plist; sourceTree = "<group>"; };
		AADDD1B820A472E100108EFA /* Foundation1UITests.xctest */ = {isa = PBXFileReference; explicitFileType = wrapper.cfbundle; includeInIndex = 0; path = Foundation1UITests.xctest; sourceTree = BUILT_PRODUCTS_DIR; };
		AADDD1BC20A472E100108EFA /* Foundation1UITests.swift */ = {isa = PBXFileReference; lastKnownFileType = sourcecode.swift; path = Foundation1UITests.swift; sourceTree = "<group>"; };
		AADDD1BE20A472E100108EFA /* Info.plist */ = {isa = PBXFileReference; lastKnownFileType = text.plist.xml; path = Info.plist; sourceTree = "<group>"; };
		BE11FFD7A01951E62FE290E6 /* Pods_Foundation1.framework */ = {isa = PBXFileReference; explicitFileType = wrapper.framework; includeInIndex = 0; path = Pods_Foundation1.framework; sourceTree = BUILT_PRODUCTS_DIR; };
		CF8532CC2118E6B7008CDAF4 /* ResumoViewController.swift */ = {isa = PBXFileReference; lastKnownFileType = sourcecode.swift; path = ResumoViewController.swift; sourceTree = "<group>"; };
		DF64C6FFB4695989F799D494 /* Pods-Foundation1Tests.release.xcconfig */ = {isa = PBXFileReference; includeInIndex = 1; lastKnownFileType = text.xcconfig; name = "Pods-Foundation1Tests.release.xcconfig"; path = "Pods/Target Support Files/Pods-Foundation1Tests/Pods-Foundation1Tests.release.xcconfig"; sourceTree = "<group>"; };
		EA351E4CE030E9E0E5F0199C /* Pods-Foundation1UITests.debug.xcconfig */ = {isa = PBXFileReference; includeInIndex = 1; lastKnownFileType = text.xcconfig; name = "Pods-Foundation1UITests.debug.xcconfig"; path = "Pods/Target Support Files/Pods-Foundation1UITests/Pods-Foundation1UITests.debug.xcconfig"; sourceTree = "<group>"; };
		F0AEC09211DA4B787F9AA22D /* Pods-Foundation1.release.xcconfig */ = {isa = PBXFileReference; includeInIndex = 1; lastKnownFileType = text.xcconfig; name = "Pods-Foundation1.release.xcconfig"; path = "Pods/Target Support Files/Pods-Foundation1/Pods-Foundation1.release.xcconfig"; sourceTree = "<group>"; };
		FEE36951194D4118E23A7C0B /* Pods_Foundation1Tests.framework */ = {isa = PBXFileReference; explicitFileType = wrapper.framework; includeInIndex = 0; path = Pods_Foundation1Tests.framework; sourceTree = BUILT_PRODUCTS_DIR; };
/* End PBXFileReference section */

/* Begin PBXFrameworksBuildPhase section */
		AADDD19620A472DF00108EFA /* Frameworks */ = {
			isa = PBXFrameworksBuildPhase;
			buildActionMask = 2147483647;
			files = (
				F7274FDDC64F5AD0EB711989 /* Pods_Foundation1.framework in Frameworks */,
			);
			runOnlyForDeploymentPostprocessing = 0;
		};
		AADDD1AA20A472E100108EFA /* Frameworks */ = {
			isa = PBXFrameworksBuildPhase;
			buildActionMask = 2147483647;
			files = (
				80DA7100F19EF2C3C4F9E61B /* Pods_Foundation1Tests.framework in Frameworks */,
			);
			runOnlyForDeploymentPostprocessing = 0;
		};
		AADDD1B520A472E100108EFA /* Frameworks */ = {
			isa = PBXFrameworksBuildPhase;
			buildActionMask = 2147483647;
			files = (
				CB0D4ABEB724F036E7FD1904 /* Pods_Foundation1UITests.framework in Frameworks */,
			);
			runOnlyForDeploymentPostprocessing = 0;
		};
/* End PBXFrameworksBuildPhase section */

/* Begin PBXGroup section */
		2A69789B20D29827007E4789 /* Model */ = {
			isa = PBXGroup;
			children = (
				AAA8E8B820D141E500007D0E /* Round Button.swift */,
				AAA8E8B620D0144A00007D0E /* LocationManager.swift */,
				2AD923B220D936E200463786 /* DAO.swift */,
				2AD923B420D9372300463786 /* Denuncia.swift */,
			);
			path = Model;
			sourceTree = "<group>";
		};
		2A69789C20D298E4007E4789 /* Controller */ = {
			isa = PBXGroup;
			children = (
				89D8C800211A48F4006A19C8 /* LocationSearchTable.swift */,
				89D8C804211B83BA006A19C8 /* LocationCell.swift */,
				6E39A640211A82E700DBBFFC /* FirstNavController.swift */,
				CF8532CC2118E6B7008CDAF4 /* ResumoViewController.swift */,
				AAD2A89820D2C26000AA9B96 /* ImagePickerCollectionViewCell.swift */,
				AAA8E8BC20D2BA4E00007D0E /* PesquisarViewController.swift */,
				AA1E9B0B20D7D28B003DCF6C /* DenunciaCreatedTableViewCell.swift */,
				AA1E9B0D20D7D36B003DCF6C /* DenunciasMainViewController.swift */,
				AA1D654C20D91D1B0046884A /* DenunciaOverViewVC.swift */,
				2AD923B620D9374C00463786 /* DescViewController.swift */,
				2AD923B820D937B800463786 /* DenunciaCollectionViewCell.swift */,
				2AD923BA20D937FB00463786 /* DenunciaOptionsViewController.swift */,
				2AD923BC20D9383800463786 /* MapViewController.swift */,
				89D8C802211B7C3E006A19C8 /* ViewMapController.swift */,
				6E39A642211AA5C800DBBFFC /* KeyboardLayoutConstraint.swift */,
			);
			path = Controller;
			sourceTree = "<group>";
		};
		2A69789D20D298EC007E4789 /* View */ = {
			isa = PBXGroup;
			children = (
				AADDD1A020A472DF00108EFA /* Main.storyboard */,
				AADDD1A520A472E100108EFA /* LaunchScreen.storyboard */,
			);
			path = View;
			sourceTree = "<group>";
		};
		72BBD4CC2DCA376A327982A1 /* Frameworks */ = {
			isa = PBXGroup;
			children = (
				BE11FFD7A01951E62FE290E6 /* Pods_Foundation1.framework */,
				FEE36951194D4118E23A7C0B /* Pods_Foundation1Tests.framework */,
				829D5723C1C41568E5CBE198 /* Pods_Foundation1UITests.framework */,
			);
			name = Frameworks;
			sourceTree = "<group>";
		};
		AADDD19020A472DF00108EFA = {
			isa = PBXGroup;
			children = (
				AADDD19B20A472DF00108EFA /* Foundation1 */,
				AADDD1B020A472E100108EFA /* Foundation1Tests */,
				AADDD1BB20A472E100108EFA /* Foundation1UITests */,
				AADDD19A20A472DF00108EFA /* Products */,
				C432E58E743744E5B77B07F2 /* Pods */,
				72BBD4CC2DCA376A327982A1 /* Frameworks */,
			);
			sourceTree = "<group>";
		};
		AADDD19A20A472DF00108EFA /* Products */ = {
			isa = PBXGroup;
			children = (
				AADDD19920A472DF00108EFA /* Foundation1.app */,
				AADDD1AD20A472E100108EFA /* Foundation1Tests.xctest */,
				AADDD1B820A472E100108EFA /* Foundation1UITests.xctest */,
			);
			name = Products;
			sourceTree = "<group>";
		};
		AADDD19B20A472DF00108EFA /* Foundation1 */ = {
			isa = PBXGroup;
			children = (
				2A69789B20D29827007E4789 /* Model */,
				2A69789C20D298E4007E4789 /* Controller */,
				2A69789D20D298EC007E4789 /* View */,
				AADDD1A320A472E100108EFA /* Assets.xcassets */,
				AADDD1A820A472E100108EFA /* Info.plist */,
				AADDD19C20A472DF00108EFA /* AppDelegate.swift */,
			);
			path = Foundation1;
			sourceTree = "<group>";
		};
		AADDD1B020A472E100108EFA /* Foundation1Tests */ = {
			isa = PBXGroup;
			children = (
				AADDD1B120A472E100108EFA /* Foundation1Tests.swift */,
				AADDD1B320A472E100108EFA /* Info.plist */,
			);
			path = Foundation1Tests;
			sourceTree = "<group>";
		};
		AADDD1BB20A472E100108EFA /* Foundation1UITests */ = {
			isa = PBXGroup;
			children = (
				AADDD1BC20A472E100108EFA /* Foundation1UITests.swift */,
				AADDD1BE20A472E100108EFA /* Info.plist */,
			);
			path = Foundation1UITests;
			sourceTree = "<group>";
		};
		C432E58E743744E5B77B07F2 /* Pods */ = {
			isa = PBXGroup;
			children = (
				4C08BF8E2123CF1207C409A1 /* Pods-Foundation1.debug.xcconfig */,
				F0AEC09211DA4B787F9AA22D /* Pods-Foundation1.release.xcconfig */,
				8156B503A9C5872CB50B8A46 /* Pods-Foundation1Tests.debug.xcconfig */,
				DF64C6FFB4695989F799D494 /* Pods-Foundation1Tests.release.xcconfig */,
				EA351E4CE030E9E0E5F0199C /* Pods-Foundation1UITests.debug.xcconfig */,
				86B2B8AF9A10005A44B99DE3 /* Pods-Foundation1UITests.release.xcconfig */,
			);
			name = Pods;
			sourceTree = "<group>";
		};
/* End PBXGroup section */

/* Begin PBXNativeTarget section */
		AADDD19820A472DF00108EFA /* Foundation1 */ = {
			isa = PBXNativeTarget;
			buildConfigurationList = AADDD1C120A472E100108EFA /* Build configuration list for PBXNativeTarget "Foundation1" */;
			buildPhases = (
				B3E4BED5F3A2DC8B969ECE8E /* [CP] Check Pods Manifest.lock */,
				AADDD19520A472DF00108EFA /* Sources */,
				AADDD19620A472DF00108EFA /* Frameworks */,
				AADDD19720A472DF00108EFA /* Resources */,
				9E5DD8C38F279992B0FCAED3 /* [CP] Embed Pods Frameworks */,
			);
			buildRules = (
			);
			dependencies = (
			);
			name = Foundation1;
			productName = Foundation1;
			productReference = AADDD19920A472DF00108EFA /* Foundation1.app */;
			productType = "com.apple.product-type.application";
		};
		AADDD1AC20A472E100108EFA /* Foundation1Tests */ = {
			isa = PBXNativeTarget;
			buildConfigurationList = AADDD1C420A472E100108EFA /* Build configuration list for PBXNativeTarget "Foundation1Tests" */;
			buildPhases = (
				6BC254B76091E55A1A3AB688 /* [CP] Check Pods Manifest.lock */,
				AADDD1A920A472E100108EFA /* Sources */,
				AADDD1AA20A472E100108EFA /* Frameworks */,
				AADDD1AB20A472E100108EFA /* Resources */,
			);
			buildRules = (
			);
			dependencies = (
				AADDD1AF20A472E100108EFA /* PBXTargetDependency */,
			);
			name = Foundation1Tests;
			productName = Foundation1Tests;
			productReference = AADDD1AD20A472E100108EFA /* Foundation1Tests.xctest */;
			productType = "com.apple.product-type.bundle.unit-test";
		};
		AADDD1B720A472E100108EFA /* Foundation1UITests */ = {
			isa = PBXNativeTarget;
			buildConfigurationList = AADDD1C720A472E100108EFA /* Build configuration list for PBXNativeTarget "Foundation1UITests" */;
			buildPhases = (
				E58289FAFF6B8B9AE8533103 /* [CP] Check Pods Manifest.lock */,
				AADDD1B420A472E100108EFA /* Sources */,
				AADDD1B520A472E100108EFA /* Frameworks */,
				AADDD1B620A472E100108EFA /* Resources */,
			);
			buildRules = (
			);
			dependencies = (
				AADDD1BA20A472E100108EFA /* PBXTargetDependency */,
			);
			name = Foundation1UITests;
			productName = Foundation1UITests;
			productReference = AADDD1B820A472E100108EFA /* Foundation1UITests.xctest */;
			productType = "com.apple.product-type.bundle.ui-testing";
		};
/* End PBXNativeTarget section */

/* Begin PBXProject section */
		AADDD19120A472DF00108EFA /* Project object */ = {
			isa = PBXProject;
			attributes = {
				LastSwiftUpdateCheck = 0930;
				LastUpgradeCheck = 0930;
				ORGANIZATIONNAME = Foundation_28;
				TargetAttributes = {
					AADDD19820A472DF00108EFA = {
						CreatedOnToolsVersion = 9.3;
					};
					AADDD1AC20A472E100108EFA = {
						CreatedOnToolsVersion = 9.3;
						TestTargetID = AADDD19820A472DF00108EFA;
					};
					AADDD1B720A472E100108EFA = {
						CreatedOnToolsVersion = 9.3;
						TestTargetID = AADDD19820A472DF00108EFA;
					};
				};
			};
			buildConfigurationList = AADDD19420A472DF00108EFA /* Build configuration list for PBXProject "Foundation1" */;
			compatibilityVersion = "Xcode 9.3";
			developmentRegion = en;
			hasScannedForEncodings = 0;
			knownRegions = (
				en,
				Base,
			);
			mainGroup = AADDD19020A472DF00108EFA;
			productRefGroup = AADDD19A20A472DF00108EFA /* Products */;
			projectDirPath = "";
			projectRoot = "";
			targets = (
				AADDD19820A472DF00108EFA /* Foundation1 */,
				AADDD1AC20A472E100108EFA /* Foundation1Tests */,
				AADDD1B720A472E100108EFA /* Foundation1UITests */,
			);
		};
/* End PBXProject section */

/* Begin PBXResourcesBuildPhase section */
		AADDD19720A472DF00108EFA /* Resources */ = {
			isa = PBXResourcesBuildPhase;
			buildActionMask = 2147483647;
			files = (
				AADDD1A720A472E100108EFA /* LaunchScreen.storyboard in Resources */,
				AADDD1A420A472E100108EFA /* Assets.xcassets in Resources */,
				AADDD1A220A472DF00108EFA /* Main.storyboard in Resources */,
			);
			runOnlyForDeploymentPostprocessing = 0;
		};
		AADDD1AB20A472E100108EFA /* Resources */ = {
			isa = PBXResourcesBuildPhase;
			buildActionMask = 2147483647;
			files = (
			);
			runOnlyForDeploymentPostprocessing = 0;
		};
		AADDD1B620A472E100108EFA /* Resources */ = {
			isa = PBXResourcesBuildPhase;
			buildActionMask = 2147483647;
			files = (
			);
			runOnlyForDeploymentPostprocessing = 0;
		};
/* End PBXResourcesBuildPhase section */

/* Begin PBXShellScriptBuildPhase section */
		6BC254B76091E55A1A3AB688 /* [CP] Check Pods Manifest.lock */ = {
			isa = PBXShellScriptBuildPhase;
			buildActionMask = 2147483647;
			files = (
			);
			inputPaths = (
				"${PODS_PODFILE_DIR_PATH}/Podfile.lock",
				"${PODS_ROOT}/Manifest.lock",
			);
			name = "[CP] Check Pods Manifest.lock";
			outputPaths = (
				"$(DERIVED_FILE_DIR)/Pods-Foundation1Tests-checkManifestLockResult.txt",
			);
			runOnlyForDeploymentPostprocessing = 0;
			shellPath = /bin/sh;
			shellScript = "diff \"${PODS_PODFILE_DIR_PATH}/Podfile.lock\" \"${PODS_ROOT}/Manifest.lock\" > /dev/null\nif [ $? != 0 ] ; then\n    # print error to STDERR\n    echo \"error: The sandbox is not in sync with the Podfile.lock. Run 'pod install' or update your CocoaPods installation.\" >&2\n    exit 1\nfi\n# This output is used by Xcode 'outputs' to avoid re-running this script phase.\necho \"SUCCESS\" > \"${SCRIPT_OUTPUT_FILE_0}\"\n";
			showEnvVarsInLog = 0;
		};
		9E5DD8C38F279992B0FCAED3 /* [CP] Embed Pods Frameworks */ = {
			isa = PBXShellScriptBuildPhase;
			buildActionMask = 2147483647;
			files = (
			);
			inputPaths = (
				"${SRCROOT}/Pods/Target Support Files/Pods-Foundation1/Pods-Foundation1-frameworks.sh",
				"${BUILT_PRODUCTS_DIR}/IQKeyboardManagerSwift/IQKeyboardManagerSwift.framework",
			);
			name = "[CP] Embed Pods Frameworks";
			outputPaths = (
				"${TARGET_BUILD_DIR}/${FRAMEWORKS_FOLDER_PATH}/IQKeyboardManagerSwift.framework",
			);
			runOnlyForDeploymentPostprocessing = 0;
			shellPath = /bin/sh;
			shellScript = "\"${SRCROOT}/Pods/Target Support Files/Pods-Foundation1/Pods-Foundation1-frameworks.sh\"\n";
			showEnvVarsInLog = 0;
		};
		B3E4BED5F3A2DC8B969ECE8E /* [CP] Check Pods Manifest.lock */ = {
			isa = PBXShellScriptBuildPhase;
			buildActionMask = 2147483647;
			files = (
			);
			inputPaths = (
				"${PODS_PODFILE_DIR_PATH}/Podfile.lock",
				"${PODS_ROOT}/Manifest.lock",
			);
			name = "[CP] Check Pods Manifest.lock";
			outputPaths = (
				"$(DERIVED_FILE_DIR)/Pods-Foundation1-checkManifestLockResult.txt",
			);
			runOnlyForDeploymentPostprocessing = 0;
			shellPath = /bin/sh;
			shellScript = "diff \"${PODS_PODFILE_DIR_PATH}/Podfile.lock\" \"${PODS_ROOT}/Manifest.lock\" > /dev/null\nif [ $? != 0 ] ; then\n    # print error to STDERR\n    echo \"error: The sandbox is not in sync with the Podfile.lock. Run 'pod install' or update your CocoaPods installation.\" >&2\n    exit 1\nfi\n# This output is used by Xcode 'outputs' to avoid re-running this script phase.\necho \"SUCCESS\" > \"${SCRIPT_OUTPUT_FILE_0}\"\n";
			showEnvVarsInLog = 0;
		};
		E58289FAFF6B8B9AE8533103 /* [CP] Check Pods Manifest.lock */ = {
			isa = PBXShellScriptBuildPhase;
			buildActionMask = 2147483647;
			files = (
			);
			inputPaths = (
				"${PODS_PODFILE_DIR_PATH}/Podfile.lock",
				"${PODS_ROOT}/Manifest.lock",
			);
			name = "[CP] Check Pods Manifest.lock";
			outputPaths = (
				"$(DERIVED_FILE_DIR)/Pods-Foundation1UITests-checkManifestLockResult.txt",
			);
			runOnlyForDeploymentPostprocessing = 0;
			shellPath = /bin/sh;
			shellScript = "diff \"${PODS_PODFILE_DIR_PATH}/Podfile.lock\" \"${PODS_ROOT}/Manifest.lock\" > /dev/null\nif [ $? != 0 ] ; then\n    # print error to STDERR\n    echo \"error: The sandbox is not in sync with the Podfile.lock. Run 'pod install' or update your CocoaPods installation.\" >&2\n    exit 1\nfi\n# This output is used by Xcode 'outputs' to avoid re-running this script phase.\necho \"SUCCESS\" > \"${SCRIPT_OUTPUT_FILE_0}\"\n";
			showEnvVarsInLog = 0;
		};
/* End PBXShellScriptBuildPhase section */

/* Begin PBXSourcesBuildPhase section */
		AADDD19520A472DF00108EFA /* Sources */ = {
			isa = PBXSourcesBuildPhase;
			buildActionMask = 2147483647;
			files = (
				2AD923BB20D937FC00463786 /* DenunciaOptionsViewController.swift in Sources */,
				2AD923B320D936E200463786 /* DAO.swift in Sources */,
				6E39A643211AA5C800DBBFFC /* KeyboardLayoutConstraint.swift in Sources */,
				AAA8E8BD20D2BA4E00007D0E /* PesquisarViewController.swift in Sources */,
				2AD923B920D937B800463786 /* DenunciaCollectionViewCell.swift in Sources */,
				6E39A641211A82E700DBBFFC /* FirstNavController.swift in Sources */,
				CF8532CD2118E6B7008CDAF4 /* ResumoViewController.swift in Sources */,
				AAA8E8B720D0144A00007D0E /* LocationManager.swift in Sources */,
				89D8C805211B83BA006A19C8 /* LocationCell.swift in Sources */,
				AA1E9B0E20D7D36B003DCF6C /* DenunciasMainViewController.swift in Sources */,
				AAD2A89920D2C26000AA9B96 /* ImagePickerCollectionViewCell.swift in Sources */,
				89D8C803211B7C3E006A19C8 /* ViewMapController.swift in Sources */,
				AAA8E8B920D141E600007D0E /* Round Button.swift in Sources */,
				AA1D654D20D91D1B0046884A /* DenunciaOverViewVC.swift in Sources */,
				AADDD19D20A472DF00108EFA /* AppDelegate.swift in Sources */,
				89D8C801211A48F4006A19C8 /* LocationSearchTable.swift in Sources */,
				2AD923B720D9374C00463786 /* DescViewController.swift in Sources */,
				AA1E9B0C20D7D28B003DCF6C /* DenunciaCreatedTableViewCell.swift in Sources */,
				2AD923BD20D9383800463786 /* MapViewController.swift in Sources */,
				2AD923B520D9372300463786 /* Denuncia.swift in Sources */,
			);
			runOnlyForDeploymentPostprocessing = 0;
		};
		AADDD1A920A472E100108EFA /* Sources */ = {
			isa = PBXSourcesBuildPhase;
			buildActionMask = 2147483647;
			files = (
				AADDD1B220A472E100108EFA /* Foundation1Tests.swift in Sources */,
			);
			runOnlyForDeploymentPostprocessing = 0;
		};
		AADDD1B420A472E100108EFA /* Sources */ = {
			isa = PBXSourcesBuildPhase;
			buildActionMask = 2147483647;
			files = (
				AADDD1BD20A472E100108EFA /* Foundation1UITests.swift in Sources */,
			);
			runOnlyForDeploymentPostprocessing = 0;
		};
/* End PBXSourcesBuildPhase section */

/* Begin PBXTargetDependency section */
		AADDD1AF20A472E100108EFA /* PBXTargetDependency */ = {
			isa = PBXTargetDependency;
			target = AADDD19820A472DF00108EFA /* Foundation1 */;
			targetProxy = AADDD1AE20A472E100108EFA /* PBXContainerItemProxy */;
		};
		AADDD1BA20A472E100108EFA /* PBXTargetDependency */ = {
			isa = PBXTargetDependency;
			target = AADDD19820A472DF00108EFA /* Foundation1 */;
			targetProxy = AADDD1B920A472E100108EFA /* PBXContainerItemProxy */;
		};
/* End PBXTargetDependency section */

/* Begin PBXVariantGroup section */
		AADDD1A020A472DF00108EFA /* Main.storyboard */ = {
			isa = PBXVariantGroup;
			children = (
				AADDD1A120A472DF00108EFA /* Base */,
			);
			name = Main.storyboard;
			sourceTree = "<group>";
		};
		AADDD1A520A472E100108EFA /* LaunchScreen.storyboard */ = {
			isa = PBXVariantGroup;
			children = (
				AADDD1A620A472E100108EFA /* Base */,
			);
			name = LaunchScreen.storyboard;
			sourceTree = "<group>";
		};
/* End PBXVariantGroup section */

/* Begin XCBuildConfiguration section */
		AADDD1BF20A472E100108EFA /* Debug */ = {
			isa = XCBuildConfiguration;
			buildSettings = {
				ALWAYS_SEARCH_USER_PATHS = NO;
				CLANG_ANALYZER_NONNULL = YES;
				CLANG_ANALYZER_NUMBER_OBJECT_CONVERSION = YES_AGGRESSIVE;
				CLANG_CXX_LANGUAGE_STANDARD = "gnu++14";
				CLANG_CXX_LIBRARY = "libc++";
				CLANG_ENABLE_MODULES = YES;
				CLANG_ENABLE_OBJC_ARC = YES;
				CLANG_ENABLE_OBJC_WEAK = YES;
				CLANG_WARN_BLOCK_CAPTURE_AUTORELEASING = YES;
				CLANG_WARN_BOOL_CONVERSION = YES;
				CLANG_WARN_COMMA = YES;
				CLANG_WARN_CONSTANT_CONVERSION = YES;
				CLANG_WARN_DEPRECATED_OBJC_IMPLEMENTATIONS = YES;
				CLANG_WARN_DIRECT_OBJC_ISA_USAGE = YES_ERROR;
				CLANG_WARN_DOCUMENTATION_COMMENTS = YES;
				CLANG_WARN_EMPTY_BODY = YES;
				CLANG_WARN_ENUM_CONVERSION = YES;
				CLANG_WARN_INFINITE_RECURSION = YES;
				CLANG_WARN_INT_CONVERSION = YES;
				CLANG_WARN_NON_LITERAL_NULL_CONVERSION = YES;
				CLANG_WARN_OBJC_IMPLICIT_RETAIN_SELF = YES;
				CLANG_WARN_OBJC_LITERAL_CONVERSION = YES;
				CLANG_WARN_OBJC_ROOT_CLASS = YES_ERROR;
				CLANG_WARN_RANGE_LOOP_ANALYSIS = YES;
				CLANG_WARN_STRICT_PROTOTYPES = YES;
				CLANG_WARN_SUSPICIOUS_MOVE = YES;
				CLANG_WARN_UNGUARDED_AVAILABILITY = YES_AGGRESSIVE;
				CLANG_WARN_UNREACHABLE_CODE = YES;
				CLANG_WARN__DUPLICATE_METHOD_MATCH = YES;
				CODE_SIGN_IDENTITY = "iPhone Developer";
				COPY_PHASE_STRIP = NO;
				DEBUG_INFORMATION_FORMAT = dwarf;
				ENABLE_STRICT_OBJC_MSGSEND = YES;
				ENABLE_TESTABILITY = YES;
				GCC_C_LANGUAGE_STANDARD = gnu11;
				GCC_DYNAMIC_NO_PIC = NO;
				GCC_NO_COMMON_BLOCKS = YES;
				GCC_OPTIMIZATION_LEVEL = 0;
				GCC_PREPROCESSOR_DEFINITIONS = (
					"DEBUG=1",
					"$(inherited)",
				);
				GCC_WARN_64_TO_32_BIT_CONVERSION = YES;
				GCC_WARN_ABOUT_RETURN_TYPE = YES_ERROR;
				GCC_WARN_UNDECLARED_SELECTOR = YES;
				GCC_WARN_UNINITIALIZED_AUTOS = YES_AGGRESSIVE;
				GCC_WARN_UNUSED_FUNCTION = YES;
				GCC_WARN_UNUSED_VARIABLE = YES;
				IPHONEOS_DEPLOYMENT_TARGET = 11.3;
				MTL_ENABLE_DEBUG_INFO = YES;
				ONLY_ACTIVE_ARCH = YES;
				SDKROOT = iphoneos;
				SWIFT_ACTIVE_COMPILATION_CONDITIONS = DEBUG;
				SWIFT_OPTIMIZATION_LEVEL = "-Onone";
			};
			name = Debug;
		};
		AADDD1C020A472E100108EFA /* Release */ = {
			isa = XCBuildConfiguration;
			buildSettings = {
				ALWAYS_SEARCH_USER_PATHS = NO;
				CLANG_ANALYZER_NONNULL = YES;
				CLANG_ANALYZER_NUMBER_OBJECT_CONVERSION = YES_AGGRESSIVE;
				CLANG_CXX_LANGUAGE_STANDARD = "gnu++14";
				CLANG_CXX_LIBRARY = "libc++";
				CLANG_ENABLE_MODULES = YES;
				CLANG_ENABLE_OBJC_ARC = YES;
				CLANG_ENABLE_OBJC_WEAK = YES;
				CLANG_WARN_BLOCK_CAPTURE_AUTORELEASING = YES;
				CLANG_WARN_BOOL_CONVERSION = YES;
				CLANG_WARN_COMMA = YES;
				CLANG_WARN_CONSTANT_CONVERSION = YES;
				CLANG_WARN_DEPRECATED_OBJC_IMPLEMENTATIONS = YES;
				CLANG_WARN_DIRECT_OBJC_ISA_USAGE = YES_ERROR;
				CLANG_WARN_DOCUMENTATION_COMMENTS = YES;
				CLANG_WARN_EMPTY_BODY = YES;
				CLANG_WARN_ENUM_CONVERSION = YES;
				CLANG_WARN_INFINITE_RECURSION = YES;
				CLANG_WARN_INT_CONVERSION = YES;
				CLANG_WARN_NON_LITERAL_NULL_CONVERSION = YES;
				CLANG_WARN_OBJC_IMPLICIT_RETAIN_SELF = YES;
				CLANG_WARN_OBJC_LITERAL_CONVERSION = YES;
				CLANG_WARN_OBJC_ROOT_CLASS = YES_ERROR;
				CLANG_WARN_RANGE_LOOP_ANALYSIS = YES;
				CLANG_WARN_STRICT_PROTOTYPES = YES;
				CLANG_WARN_SUSPICIOUS_MOVE = YES;
				CLANG_WARN_UNGUARDED_AVAILABILITY = YES_AGGRESSIVE;
				CLANG_WARN_UNREACHABLE_CODE = YES;
				CLANG_WARN__DUPLICATE_METHOD_MATCH = YES;
				CODE_SIGN_IDENTITY = "iPhone Developer";
				COPY_PHASE_STRIP = NO;
				DEBUG_INFORMATION_FORMAT = "dwarf-with-dsym";
				ENABLE_NS_ASSERTIONS = NO;
				ENABLE_STRICT_OBJC_MSGSEND = YES;
				GCC_C_LANGUAGE_STANDARD = gnu11;
				GCC_NO_COMMON_BLOCKS = YES;
				GCC_WARN_64_TO_32_BIT_CONVERSION = YES;
				GCC_WARN_ABOUT_RETURN_TYPE = YES_ERROR;
				GCC_WARN_UNDECLARED_SELECTOR = YES;
				GCC_WARN_UNINITIALIZED_AUTOS = YES_AGGRESSIVE;
				GCC_WARN_UNUSED_FUNCTION = YES;
				GCC_WARN_UNUSED_VARIABLE = YES;
				IPHONEOS_DEPLOYMENT_TARGET = 11.3;
				MTL_ENABLE_DEBUG_INFO = NO;
				SDKROOT = iphoneos;
				SWIFT_COMPILATION_MODE = wholemodule;
				SWIFT_OPTIMIZATION_LEVEL = "-O";
				VALIDATE_PRODUCT = YES;
			};
			name = Release;
		};
		AADDD1C220A472E100108EFA /* Debug */ = {
			isa = XCBuildConfiguration;
			baseConfigurationReference = 4C08BF8E2123CF1207C409A1 /* Pods-Foundation1.debug.xcconfig */;
			buildSettings = {
				ASSETCATALOG_COMPILER_APPICON_NAME = AppIcon;
				CODE_SIGN_STYLE = Automatic;
				DEVELOPMENT_TEAM = 5547NWK4BP;
				INFOPLIST_FILE = Foundation1/Info.plist;
				LD_RUNPATH_SEARCH_PATHS = (
					"$(inherited)",
					"@executable_path/Frameworks",
				);
				PRODUCT_BUNDLE_IDENTIFIER = Foundation;
				PRODUCT_NAME = "$(TARGET_NAME)";
				SWIFT_VERSION = 4.0;
				TARGETED_DEVICE_FAMILY = "1,2";
			};
			name = Debug;
		};
		AADDD1C320A472E100108EFA /* Release */ = {
			isa = XCBuildConfiguration;
			baseConfigurationReference = F0AEC09211DA4B787F9AA22D /* Pods-Foundation1.release.xcconfig */;
			buildSettings = {
				ASSETCATALOG_COMPILER_APPICON_NAME = AppIcon;
				CODE_SIGN_STYLE = Automatic;
				DEVELOPMENT_TEAM = 5547NWK4BP;
				INFOPLIST_FILE = Foundation1/Info.plist;
				LD_RUNPATH_SEARCH_PATHS = (
					"$(inherited)",
					"@executable_path/Frameworks",
				);
				PRODUCT_BUNDLE_IDENTIFIER = Foundation;
				PRODUCT_NAME = "$(TARGET_NAME)";
				SWIFT_VERSION = 4.0;
				TARGETED_DEVICE_FAMILY = "1,2";
			};
			name = Release;
		};
		AADDD1C520A472E100108EFA /* Debug */ = {
			isa = XCBuildConfiguration;
			baseConfigurationReference = 8156B503A9C5872CB50B8A46 /* Pods-Foundation1Tests.debug.xcconfig */;
			buildSettings = {
				ALWAYS_EMBED_SWIFT_STANDARD_LIBRARIES = YES;
				BUNDLE_LOADER = "$(TEST_HOST)";
				CODE_SIGN_STYLE = Automatic;
				DEVELOPMENT_TEAM = 83KH3JF2CE;
				INFOPLIST_FILE = Foundation1Tests/Info.plist;
				LD_RUNPATH_SEARCH_PATHS = (
					"$(inherited)",
					"@executable_path/Frameworks",
					"@loader_path/Frameworks",
				);
				PRODUCT_BUNDLE_IDENTIFIER = com.test.Foundation1Tests;
				PRODUCT_NAME = "$(TARGET_NAME)";
				SWIFT_VERSION = 4.0;
				TARGETED_DEVICE_FAMILY = "1,2";
				TEST_HOST = "$(BUILT_PRODUCTS_DIR)/Foundation1.app/Foundation1";
			};
			name = Debug;
		};
		AADDD1C620A472E100108EFA /* Release */ = {
			isa = XCBuildConfiguration;
			baseConfigurationReference = DF64C6FFB4695989F799D494 /* Pods-Foundation1Tests.release.xcconfig */;
			buildSettings = {
				ALWAYS_EMBED_SWIFT_STANDARD_LIBRARIES = YES;
				BUNDLE_LOADER = "$(TEST_HOST)";
				CODE_SIGN_STYLE = Automatic;
				DEVELOPMENT_TEAM = 83KH3JF2CE;
				INFOPLIST_FILE = Foundation1Tests/Info.plist;
				LD_RUNPATH_SEARCH_PATHS = (
					"$(inherited)",
					"@executable_path/Frameworks",
					"@loader_path/Frameworks",
				);
				PRODUCT_BUNDLE_IDENTIFIER = com.test.Foundation1Tests;
				PRODUCT_NAME = "$(TARGET_NAME)";
				SWIFT_VERSION = 4.0;
				TARGETED_DEVICE_FAMILY = "1,2";
				TEST_HOST = "$(BUILT_PRODUCTS_DIR)/Foundation1.app/Foundation1";
			};
			name = Release;
		};
		AADDD1C820A472E100108EFA /* Debug */ = {
			isa = XCBuildConfiguration;
			baseConfigurationReference = EA351E4CE030E9E0E5F0199C /* Pods-Foundation1UITests.debug.xcconfig */;
			buildSettings = {
				ALWAYS_EMBED_SWIFT_STANDARD_LIBRARIES = YES;
				CODE_SIGN_STYLE = Automatic;
				DEVELOPMENT_TEAM = 83KH3JF2CE;
				INFOPLIST_FILE = Foundation1UITests/Info.plist;
				LD_RUNPATH_SEARCH_PATHS = (
					"$(inherited)",
					"@executable_path/Frameworks",
					"@loader_path/Frameworks",
				);
				PRODUCT_BUNDLE_IDENTIFIER = com.test.Foundation1UITests;
				PRODUCT_NAME = "$(TARGET_NAME)";
				SWIFT_VERSION = 4.0;
				TARGETED_DEVICE_FAMILY = "1,2";
				TEST_TARGET_NAME = Foundation1;
			};
			name = Debug;
		};
		AADDD1C920A472E100108EFA /* Release */ = {
			isa = XCBuildConfiguration;
			baseConfigurationReference = 86B2B8AF9A10005A44B99DE3 /* Pods-Foundation1UITests.release.xcconfig */;
			buildSettings = {
				ALWAYS_EMBED_SWIFT_STANDARD_LIBRARIES = YES;
				CODE_SIGN_STYLE = Automatic;
				DEVELOPMENT_TEAM = 83KH3JF2CE;
				INFOPLIST_FILE = Foundation1UITests/Info.plist;
				LD_RUNPATH_SEARCH_PATHS = (
					"$(inherited)",
					"@executable_path/Frameworks",
					"@loader_path/Frameworks",
				);
				PRODUCT_BUNDLE_IDENTIFIER = com.test.Foundation1UITests;
				PRODUCT_NAME = "$(TARGET_NAME)";
				SWIFT_VERSION = 4.0;
				TARGETED_DEVICE_FAMILY = "1,2";
				TEST_TARGET_NAME = Foundation1;
			};
			name = Release;
		};
/* End XCBuildConfiguration section */

/* Begin XCConfigurationList section */
		AADDD19420A472DF00108EFA /* Build configuration list for PBXProject "Foundation1" */ = {
			isa = XCConfigurationList;
			buildConfigurations = (
				AADDD1BF20A472E100108EFA /* Debug */,
				AADDD1C020A472E100108EFA /* Release */,
			);
			defaultConfigurationIsVisible = 0;
			defaultConfigurationName = Release;
		};
		AADDD1C120A472E100108EFA /* Build configuration list for PBXNativeTarget "Foundation1" */ = {
			isa = XCConfigurationList;
			buildConfigurations = (
				AADDD1C220A472E100108EFA /* Debug */,
				AADDD1C320A472E100108EFA /* Release */,
			);
			defaultConfigurationIsVisible = 0;
			defaultConfigurationName = Release;
		};
		AADDD1C420A472E100108EFA /* Build configuration list for PBXNativeTarget "Foundation1Tests" */ = {
			isa = XCConfigurationList;
			buildConfigurations = (
				AADDD1C520A472E100108EFA /* Debug */,
				AADDD1C620A472E100108EFA /* Release */,
			);
			defaultConfigurationIsVisible = 0;
			defaultConfigurationName = Release;
		};
		AADDD1C720A472E100108EFA /* Build configuration list for PBXNativeTarget "Foundation1UITests" */ = {
			isa = XCConfigurationList;
			buildConfigurations = (
				AADDD1C820A472E100108EFA /* Debug */,
				AADDD1C920A472E100108EFA /* Release */,
			);
			defaultConfigurationIsVisible = 0;
			defaultConfigurationName = Release;
		};
/* End XCConfigurationList section */
	};
	rootObject = AADDD19120A472DF00108EFA /* Project object */;
}
